
Microsoft Visual Studio Solution File, Format Version 12.00
# Visual Studio Version 17
VisualStudioVersion = 17.6.33815.320
MinimumVisualStudioVersion = 10.0.40219.1
Project("{FAE04EC0-301F-11D3-BF4B-00C04F79EFBC}") = "methodChaning_LinQ", "methodChaning_LinQ.csproj", "{C7A9583C-2955-4BAF-A63A-F5C6760AE381}"
EndProject
Global
	GlobalSection(SolutionConfigurationPlatforms) = preSolution
		Debug|Any CPU = Debug|Any CPU
		Release|Any CPU = Release|Any CPU
	EndGlobalSection
	GlobalSection(ProjectConfigurationPlatforms) = postSolution
		{C7A9583C-2955-4BAF-A63A-F5C6760AE381}.Debug|Any CPU.ActiveCfg = Debug|Any CPU
		{C7A9583C-2955-4BAF-A63A-F5C6760AE381}.Debug|Any CPU.Build.0 = Debug|Any CPU
		{C7A9583C-2955-4BAF-A63A-F5C6760AE381}.Release|Any CPU.ActiveCfg = Release|Any CPU
		{C7A9583C-2955-4BAF-A63A-F5C6760AE381}.Release|Any CPU.Build.0 = Release|Any CPU
	EndGlobalSection
	GlobalSection(SolutionProperties) = preSolution
		HideSolutionNode = FALSE
	EndGlobalSection
	GlobalSection(ExtensibilityGlobals) = postSolution
		SolutionGuid = {76E36958-42E7-41F5-B019-32BA9FEBBA16}
	EndGlobalSection
EndGlobal
